// !$*UTF8*$!
{
	archiveVersion = 1;
	classes = {
	};
	objectVersion = 50;
	objects = {

/* Begin PBXBuildFile section */
		2E9D2D292129435C0088F672 /* AppDelegate.swift in Sources */ = {isa = PBXBuildFile; fileRef = 2E9D2D282129435C0088F672 /* AppDelegate.swift */; };
		2E9D2D2B2129435C0088F672 /* SetGameViewController.swift in Sources */ = {isa = PBXBuildFile; fileRef = 2E9D2D2A2129435C0088F672 /* SetGameViewController.swift */; };
		2E9D2D2E2129435C0088F672 /* Main.storyboard in Resources */ = {isa = PBXBuildFile; fileRef = 2E9D2D2C2129435C0088F672 /* Main.storyboard */; };
		2E9D2D302129436A0088F672 /* Assets.xcassets in Resources */ = {isa = PBXBuildFile; fileRef = 2E9D2D2F2129436A0088F672 /* Assets.xcassets */; };
		2E9D2D332129436A0088F672 /* LaunchScreen.storyboard in Resources */ = {isa = PBXBuildFile; fileRef = 2E9D2D312129436A0088F672 /* LaunchScreen.storyboard */; };
		2E9D2D402129494C0088F672 /* SetGameViewModel.swift in Sources */ = {isa = PBXBuildFile; fileRef = 2E9D2D3F2129494C0088F672 /* SetGameViewModel.swift */; };
		2E9D2D4221295D630088F672 /* PlayingCards.swift in Sources */ = {isa = PBXBuildFile; fileRef = 2E9D2D4121295D630088F672 /* PlayingCards.swift */; };
		2E9D2D45212961C30088F672 /* Default-568h@2x.png in Resources */ = {isa = PBXBuildFile; fileRef = 2E9D2D44212961C30088F672 /* Default-568h@2x.png */; };
		2E9D2D65212964310088F672 /* DiamondR2.png in Resources */ = {isa = PBXBuildFile; fileRef = 2E9D2D49212964270088F672 /* DiamondR2.png */; };
		2E9D2D66212964310088F672 /* SG1.png in Resources */ = {isa = PBXBuildFile; fileRef = 2E9D2D4A212964270088F672 /* SG1.png */; };
		2E9D2D67212964310088F672 /* CylinderP2.png in Resources */ = {isa = PBXBuildFile; fileRef = 2E9D2D4B212964270088F672 /* CylinderP2.png */; };
		2E9D2D68212964310088F672 /* SG3.png in Resources */ = {isa = PBXBuildFile; fileRef = 2E9D2D4C212964280088F672 /* SG3.png */; };
		2E9D2D69212964310088F672 /* CylinderG1.png in Resources */ = {isa = PBXBuildFile; fileRef = 2E9D2D4D212964280088F672 /* CylinderG1.png */; };
		2E9D2D6A212964310088F672 /* SP3.png in Resources */ = {isa = PBXBuildFile; fileRef = 2E9D2D4E212964280088F672 /* SP3.png */; };
		2E9D2D6B212964310088F672 /* SP2.png in Resources */ = {isa = PBXBuildFile; fileRef = 2E9D2D4F212964290088F672 /* SP2.png */; };
		2E9D2D6C212964310088F672 /* SR2.png in Resources */ = {isa = PBXBuildFile; fileRef = 2E9D2D502129642A0088F672 /* SR2.png */; };
		2E9D2D6D212964310088F672 /* DiamondG3.png in Resources */ = {isa = PBXBuildFile; fileRef = 2E9D2D512129642A0088F672 /* DiamondG3.png */; };
		2E9D2D6E212964310088F672 /* SR1.png in Resources */ = {isa = PBXBuildFile; fileRef = 2E9D2D522129642A0088F672 /* SR1.png */; };
		2E9D2D6F212964310088F672 /* CylinderG2.png in Resources */ = {isa = PBXBuildFile; fileRef = 2E9D2D532129642B0088F672 /* CylinderG2.png */; };
		2E9D2D70212964310088F672 /* DiamondP1.png in Resources */ = {isa = PBXBuildFile; fileRef = 2E9D2D542129642B0088F672 /* DiamondP1.png */; };
		2E9D2D71212964310088F672 /* CylinderR2.png in Resources */ = {isa = PBXBuildFile; fileRef = 2E9D2D552129642B0088F672 /* CylinderR2.png */; };
		2E9D2D72212964310088F672 /* DiamondG2.png in Resources */ = {isa = PBXBuildFile; fileRef = 2E9D2D562129642C0088F672 /* DiamondG2.png */; };
		2E9D2D73212964310088F672 /* DiamondP2.png in Resources */ = {isa = PBXBuildFile; fileRef = 2E9D2D572129642C0088F672 /* DiamondP2.png */; };
		2E9D2D74212964310088F672 /* SP1.png in Resources */ = {isa = PBXBuildFile; fileRef = 2E9D2D582129642C0088F672 /* SP1.png */; };
		2E9D2D75212964310088F672 /* CylinderP1.png in Resources */ = {isa = PBXBuildFile; fileRef = 2E9D2D592129642D0088F672 /* CylinderP1.png */; };
		2E9D2D76212964310088F672 /* DiamondP3.png in Resources */ = {isa = PBXBuildFile; fileRef = 2E9D2D5A2129642D0088F672 /* DiamondP3.png */; };
		2E9D2D77212964310088F672 /* CylinderP3.png in Resources */ = {isa = PBXBuildFile; fileRef = 2E9D2D5B2129642D0088F672 /* CylinderP3.png */; };
		2E9D2D78212964310088F672 /* SG2.png in Resources */ = {isa = PBXBuildFile; fileRef = 2E9D2D5C2129642D0088F672 /* SG2.png */; };
		2E9D2D79212964310088F672 /* CylinderG3.png in Resources */ = {isa = PBXBuildFile; fileRef = 2E9D2D5D2129642E0088F672 /* CylinderG3.png */; };
		2E9D2D7A212964310088F672 /* CylinderR3.png in Resources */ = {isa = PBXBuildFile; fileRef = 2E9D2D5E2129642E0088F672 /* CylinderR3.png */; };
		2E9D2D7B212964310088F672 /* DiamondG1.png in Resources */ = {isa = PBXBuildFile; fileRef = 2E9D2D5F2129642E0088F672 /* DiamondG1.png */; };
		2E9D2D7C212964310088F672 /* DiamondR3.png in Resources */ = {isa = PBXBuildFile; fileRef = 2E9D2D602129642E0088F672 /* DiamondR3.png */; };
		2E9D2D7D212964310088F672 /* SR3.png in Resources */ = {isa = PBXBuildFile; fileRef = 2E9D2D612129642F0088F672 /* SR3.png */; };
		2E9D2D7E212964310088F672 /* CylinderR1.png in Resources */ = {isa = PBXBuildFile; fileRef = 2E9D2D622129642F0088F672 /* CylinderR1.png */; };
		2E9D2D7F212964310088F672 /* set_solid 2 2 2 2.png in Resources */ = {isa = PBXBuildFile; fileRef = 2E9D2D63212964300088F672 /* set_solid 2 2 2 2.png */; };
		2E9D2D80212964310088F672 /* DiamondR1.png in Resources */ = {isa = PBXBuildFile; fileRef = 2E9D2D64212964300088F672 /* DiamondR1.png */; };
/* End PBXBuildFile section */

/* Begin PBXFileReference section */
		2E9D2D252129435C0088F672 /* SetCards.app */ = {isa = PBXFileReference; explicitFileType = wrapper.application; includeInIndex = 0; path = SetCards.app; sourceTree = BUILT_PRODUCTS_DIR; };
		2E9D2D282129435C0088F672 /* AppDelegate.swift */ = {isa = PBXFileReference; lastKnownFileType = sourcecode.swift; path = AppDelegate.swift; sourceTree = "<group>"; };
		2E9D2D2A2129435C0088F672 /* SetGameViewController.swift */ = {isa = PBXFileReference; lastKnownFileType = sourcecode.swift; path = SetGameViewController.swift; sourceTree = "<group>"; };
		2E9D2D2D2129435C0088F672 /* Base */ = {isa = PBXFileReference; lastKnownFileType = file.storyboard; name = Base; path = Base.lproj/Main.storyboard; sourceTree = "<group>"; };
		2E9D2D2F2129436A0088F672 /* Assets.xcassets */ = {isa = PBXFileReference; lastKnownFileType = folder.assetcatalog; path = Assets.xcassets; sourceTree = "<group>"; };
		2E9D2D322129436A0088F672 /* Base */ = {isa = PBXFileReference; lastKnownFileType = file.storyboard; name = Base; path = Base.lproj/LaunchScreen.storyboard; sourceTree = "<group>"; };
		2E9D2D342129436A0088F672 /* Info.plist */ = {isa = PBXFileReference; lastKnownFileType = text.plist.xml; path = Info.plist; sourceTree = "<group>"; };
		2E9D2D3F2129494C0088F672 /* SetGameViewModel.swift */ = {isa = PBXFileReference; lastKnownFileType = sourcecode.swift; path = SetGameViewModel.swift; sourceTree = "<group>"; };
		2E9D2D4121295D630088F672 /* PlayingCards.swift */ = {isa = PBXFileReference; lastKnownFileType = sourcecode.swift; path = PlayingCards.swift; sourceTree = "<group>"; };
		2E9D2D432129602A0088F672 /* Default-568h@2x.png */ = {isa = PBXFileReference; lastKnownFileType = image.png; path = "Default-568h@2x.png"; sourceTree = "<group>"; };
		2E9D2D44212961C30088F672 /* Default-568h@2x.png */ = {isa = PBXFileReference; lastKnownFileType = image.png; path = "Default-568h@2x.png"; sourceTree = "<group>"; };
		2E9D2D49212964270088F672 /* DiamondR2.png */ = {isa = PBXFileReference; lastKnownFileType = image.png; path = DiamondR2.png; sourceTree = "<group>"; };
		2E9D2D4A212964270088F672 /* SG1.png */ = {isa = PBXFileReference; lastKnownFileType = image.png; path = SG1.png; sourceTree = "<group>"; };
		2E9D2D4B212964270088F672 /* CylinderP2.png */ = {isa = PBXFileReference; lastKnownFileType = image.png; path = CylinderP2.png; sourceTree = "<group>"; };
		2E9D2D4C212964280088F672 /* SG3.png */ = {isa = PBXFileReference; lastKnownFileType = image.png; path = SG3.png; sourceTree = "<group>"; };
		2E9D2D4D212964280088F672 /* CylinderG1.png */ = {isa = PBXFileReference; lastKnownFileType = image.png; path = CylinderG1.png; sourceTree = "<group>"; };
		2E9D2D4E212964280088F672 /* SP3.png */ = {isa = PBXFileReference; lastKnownFileType = image.png; path = SP3.png; sourceTree = "<group>"; };
		2E9D2D4F212964290088F672 /* SP2.png */ = {isa = PBXFileReference; lastKnownFileType = image.png; path = SP2.png; sourceTree = "<group>"; };
		2E9D2D502129642A0088F672 /* SR2.png */ = {isa = PBXFileReference; lastKnownFileType = image.png; path = SR2.png; sourceTree = "<group>"; };
		2E9D2D512129642A0088F672 /* DiamondG3.png */ = {isa = PBXFileReference; lastKnownFileType = image.png; path = DiamondG3.png; sourceTree = "<group>"; };
		2E9D2D522129642A0088F672 /* SR1.png */ = {isa = PBXFileReference; lastKnownFileType = image.png; path = SR1.png; sourceTree = "<group>"; };
		2E9D2D532129642B0088F672 /* CylinderG2.png */ = {isa = PBXFileReference; lastKnownFileType = image.png; path = CylinderG2.png; sourceTree = "<group>"; };
		2E9D2D542129642B0088F672 /* DiamondP1.png */ = {isa = PBXFileReference; lastKnownFileType = image.png; path = DiamondP1.png; sourceTree = "<group>"; };
		2E9D2D552129642B0088F672 /* CylinderR2.png */ = {isa = PBXFileReference; lastKnownFileType = image.png; path = CylinderR2.png; sourceTree = "<group>"; };
		2E9D2D562129642C0088F672 /* DiamondG2.png */ = {isa = PBXFileReference; lastKnownFileType = image.png; path = DiamondG2.png; sourceTree = "<group>"; };
		2E9D2D572129642C0088F672 /* DiamondP2.png */ = {isa = PBXFileReference; lastKnownFileType = image.png; path = DiamondP2.png; sourceTree = "<group>"; };
		2E9D2D582129642C0088F672 /* SP1.png */ = {isa = PBXFileReference; lastKnownFileType = image.png; path = SP1.png; sourceTree = "<group>"; };
		2E9D2D592129642D0088F672 /* CylinderP1.png */ = {isa = PBXFileReference; lastKnownFileType = image.png; path = CylinderP1.png; sourceTree = "<group>"; };
		2E9D2D5A2129642D0088F672 /* DiamondP3.png */ = {isa = PBXFileReference; lastKnownFileType = image.png; path = DiamondP3.png; sourceTree = "<group>"; };
		2E9D2D5B2129642D0088F672 /* CylinderP3.png */ = {isa = PBXFileReference; lastKnownFileType = image.png; path = CylinderP3.png; sourceTree = "<group>"; };
		2E9D2D5C2129642D0088F672 /* SG2.png */ = {isa = PBXFileReference; lastKnownFileType = image.png; path = SG2.png; sourceTree = "<group>"; };
		2E9D2D5D2129642E0088F672 /* CylinderG3.png */ = {isa = PBXFileReference; lastKnownFileType = image.png; path = CylinderG3.png; sourceTree = "<group>"; };
		2E9D2D5E2129642E0088F672 /* CylinderR3.png */ = {isa = PBXFileReference; lastKnownFileType = image.png; path = CylinderR3.png; sourceTree = "<group>"; };
		2E9D2D5F2129642E0088F672 /* DiamondG1.png */ = {isa = PBXFileReference; lastKnownFileType = image.png; path = DiamondG1.png; sourceTree = "<group>"; };
		2E9D2D602129642E0088F672 /* DiamondR3.png */ = {isa = PBXFileReference; lastKnownFileType = image.png; path = DiamondR3.png; sourceTree = "<group>"; };
		2E9D2D612129642F0088F672 /* SR3.png */ = {isa = PBXFileReference; lastKnownFileType = image.png; path = SR3.png; sourceTree = "<group>"; };
		2E9D2D622129642F0088F672 /* CylinderR1.png */ = {isa = PBXFileReference; lastKnownFileType = image.png; path = CylinderR1.png; sourceTree = "<group>"; };
		2E9D2D63212964300088F672 /* set_solid 2 2 2 2.png */ = {isa = PBXFileReference; lastKnownFileType = image.png; path = "set_solid 2 2 2 2.png"; sourceTree = "<group>"; };
		2E9D2D64212964300088F672 /* DiamondR1.png */ = {isa = PBXFileReference; lastKnownFileType = image.png; path = DiamondR1.png; sourceTree = "<group>"; };
/* End PBXFileReference section */

/* Begin PBXFrameworksBuildPhase section */
		2E9D2D222129435C0088F672 /* Frameworks */ = {
			isa = PBXFrameworksBuildPhase;
			buildActionMask = 2147483647;
			files = (
			);
			runOnlyForDeploymentPostprocessing = 0;
		};
/* End PBXFrameworksBuildPhase section */

/* Begin PBXGroup section */
		2E9D2D1C2129435B0088F672 = {
			isa = PBXGroup;
			children = (
				2E9D2D44212961C30088F672 /* Default-568h@2x.png */,
				2E9D2D272129435C0088F672 /* SetCards */,
				2E9D2D262129435C0088F672 /* Products */,
			);
			sourceTree = "<group>";
		};
		2E9D2D262129435C0088F672 /* Products */ = {
			isa = PBXGroup;
			children = (
				2E9D2D252129435C0088F672 /* SetCards.app */,
			);
			name = Products;
			sourceTree = "<group>";
		};
		2E9D2D272129435C0088F672 /* SetCards */ = {
			isa = PBXGroup;
			children = (
				2E9D2D3E212948240088F672 /* SupportingFiles */,
				2E9D2D3A212948030088F672 /* Model */,
				2E9D2D3D212948180088F672 /* ViewModels */,
				2E9D2D3C212948100088F672 /* ViewControllers */,
				2E9D2D3B2129480A0088F672 /* View */,
				2E9D2D342129436A0088F672 /* Info.plist */,
				2E9D2D48212964060088F672 /* Images */,
			);
			path = SetCards;
			sourceTree = "<group>";
		};
		2E9D2D3A212948030088F672 /* Model */ = {
			isa = PBXGroup;
			children = (
				2E9D2D4121295D630088F672 /* PlayingCards.swift */,
			);
			path = Model;
			sourceTree = "<group>";
		};
		2E9D2D3B2129480A0088F672 /* View */ = {
			isa = PBXGroup;
			children = (
				2E9D2D2C2129435C0088F672 /* Main.storyboard */,
			);
			path = View;
			sourceTree = "<group>";
		};
		2E9D2D3C212948100088F672 /* ViewControllers */ = {
			isa = PBXGroup;
			children = (
				2E9D2D2A2129435C0088F672 /* SetGameViewController.swift */,
			);
			path = ViewControllers;
			sourceTree = "<group>";
		};
		2E9D2D3D212948180088F672 /* ViewModels */ = {
			isa = PBXGroup;
			children = (
				2E9D2D3F2129494C0088F672 /* SetGameViewModel.swift */,
			);
			path = ViewModels;
			sourceTree = "<group>";
		};
		2E9D2D3E212948240088F672 /* SupportingFiles */ = {
			isa = PBXGroup;
			children = (
				2E9D2D432129602A0088F672 /* Default-568h@2x.png */,
				2E9D2D282129435C0088F672 /* AppDelegate.swift */,
				2E9D2D2F2129436A0088F672 /* Assets.xcassets */,
				2E9D2D312129436A0088F672 /* LaunchScreen.storyboard */,
			);
			path = SupportingFiles;
			sourceTree = "<group>";
		};
		2E9D2D48212964060088F672 /* Images */ = {
			isa = PBXGroup;
			children = (
				2E9D2D4D212964280088F672 /* CylinderG1.png */,
				2E9D2D532129642B0088F672 /* CylinderG2.png */,
				2E9D2D5D2129642E0088F672 /* CylinderG3.png */,
				2E9D2D592129642D0088F672 /* CylinderP1.png */,
				2E9D2D4B212964270088F672 /* CylinderP2.png */,
				2E9D2D5B2129642D0088F672 /* CylinderP3.png */,
				2E9D2D622129642F0088F672 /* CylinderR1.png */,
				2E9D2D552129642B0088F672 /* CylinderR2.png */,
				2E9D2D5E2129642E0088F672 /* CylinderR3.png */,
				2E9D2D5F2129642E0088F672 /* DiamondG1.png */,
				2E9D2D562129642C0088F672 /* DiamondG2.png */,
				2E9D2D512129642A0088F672 /* DiamondG3.png */,
				2E9D2D542129642B0088F672 /* DiamondP1.png */,
				2E9D2D572129642C0088F672 /* DiamondP2.png */,
				2E9D2D5A2129642D0088F672 /* DiamondP3.png */,
				2E9D2D64212964300088F672 /* DiamondR1.png */,
				2E9D2D49212964270088F672 /* DiamondR2.png */,
				2E9D2D602129642E0088F672 /* DiamondR3.png */,
				2E9D2D63212964300088F672 /* set_solid 2 2 2 2.png */,
				2E9D2D4A212964270088F672 /* SG1.png */,
				2E9D2D5C2129642D0088F672 /* SG2.png */,
				2E9D2D4C212964280088F672 /* SG3.png */,
				2E9D2D582129642C0088F672 /* SP1.png */,
				2E9D2D4F212964290088F672 /* SP2.png */,
				2E9D2D4E212964280088F672 /* SP3.png */,
				2E9D2D522129642A0088F672 /* SR1.png */,
				2E9D2D502129642A0088F672 /* SR2.png */,
				2E9D2D612129642F0088F672 /* SR3.png */,
			);
			path = Images;
			sourceTree = "<group>";
		};
/* End PBXGroup section */

/* Begin PBXNativeTarget section */
		2E9D2D242129435C0088F672 /* SetCards */ = {
			isa = PBXNativeTarget;
			buildConfigurationList = 2E9D2D372129436A0088F672 /* Build configuration list for PBXNativeTarget "SetCards" */;
			buildPhases = (
				2E9D2D212129435C0088F672 /* Sources */,
				2E9D2D222129435C0088F672 /* Frameworks */,
				2E9D2D232129435C0088F672 /* Resources */,
			);
			buildRules = (
			);
			dependencies = (
			);
			name = SetCards;
			productName = SetCards;
			productReference = 2E9D2D252129435C0088F672 /* SetCards.app */;
			productType = "com.apple.product-type.application";
		};
/* End PBXNativeTarget section */

/* Begin PBXProject section */
		2E9D2D1D2129435B0088F672 /* Project object */ = {
			isa = PBXProject;
			attributes = {
				LastSwiftUpdateCheck = 0940;
				LastUpgradeCheck = 0940;
				ORGANIZATIONNAME = Abanoub;
				TargetAttributes = {
					2E9D2D242129435C0088F672 = {
						CreatedOnToolsVersion = 9.4.1;
					};
				};
			};
			buildConfigurationList = 2E9D2D202129435B0088F672 /* Build configuration list for PBXProject "SetCards" */;
			compatibilityVersion = "Xcode 9.3";
			developmentRegion = en;
			hasScannedForEncodings = 0;
			knownRegions = (
				en,
				Base,
			);
			mainGroup = 2E9D2D1C2129435B0088F672;
			productRefGroup = 2E9D2D262129435C0088F672 /* Products */;
			projectDirPath = "";
			projectRoot = "";
			targets = (
				2E9D2D242129435C0088F672 /* SetCards */,
			);
		};
/* End PBXProject section */

/* Begin PBXResourcesBuildPhase section */
		2E9D2D232129435C0088F672 /* Resources */ = {
			isa = PBXResourcesBuildPhase;
			buildActionMask = 2147483647;
			files = (
				2E9D2D75212964310088F672 /* CylinderP1.png in Resources */,
				2E9D2D7C212964310088F672 /* DiamondR3.png in Resources */,
				2E9D2D7E212964310088F672 /* CylinderR1.png in Resources */,
				2E9D2D332129436A0088F672 /* LaunchScreen.storyboard in Resources */,
				2E9D2D45212961C30088F672 /* Default-568h@2x.png in Resources */,
				2E9D2D6F212964310088F672 /* CylinderG2.png in Resources */,
				2E9D2D6B212964310088F672 /* SP2.png in Resources */,
				2E9D2D7D212964310088F672 /* SR3.png in Resources */,
				2E9D2D302129436A0088F672 /* Assets.xcassets in Resources */,
				2E9D2D78212964310088F672 /* SG2.png in Resources */,
				2E9D2D73212964310088F672 /* DiamondP2.png in Resources */,
				2E9D2D7A212964310088F672 /* CylinderR3.png in Resources */,
				2E9D2D67212964310088F672 /* CylinderP2.png in Resources */,
				2E9D2D66212964310088F672 /* SG1.png in Resources */,
				2E9D2D2E2129435C0088F672 /* Main.storyboard in Resources */,
				2E9D2D7B212964310088F672 /* DiamondG1.png in Resources */,
				2E9D2D69212964310088F672 /* CylinderG1.png in Resources */,
				2E9D2D74212964310088F672 /* SP1.png in Resources */,
				2E9D2D6E212964310088F672 /* SR1.png in Resources */,
				2E9D2D76212964310088F672 /* DiamondP3.png in Resources */,
				2E9D2D65212964310088F672 /* DiamondR2.png in Resources */,
				2E9D2D6D212964310088F672 /* DiamondG3.png in Resources */,
				2E9D2D79212964310088F672 /* CylinderG3.png in Resources */,
				2E9D2D77212964310088F672 /* CylinderP3.png in Resources */,
				2E9D2D6C212964310088F672 /* SR2.png in Resources */,
				2E9D2D70212964310088F672 /* DiamondP1.png in Resources */,
				2E9D2D6A212964310088F672 /* SP3.png in Resources */,
				2E9D2D72212964310088F672 /* DiamondG2.png in Resources */,
				2E9D2D71212964310088F672 /* CylinderR2.png in Resources */,
				2E9D2D68212964310088F672 /* SG3.png in Resources */,
				2E9D2D7F212964310088F672 /* set_solid 2 2 2 2.png in Resources */,
				2E9D2D80212964310088F672 /* DiamondR1.png in Resources */,
			);
			runOnlyForDeploymentPostprocessing = 0;
		};
/* End PBXResourcesBuildPhase section */

/* Begin PBXSourcesBuildPhase section */
		2E9D2D212129435C0088F672 /* Sources */ = {
			isa = PBXSourcesBuildPhase;
			buildActionMask = 2147483647;
			files = (
				2E9D2D402129494C0088F672 /* SetGameViewModel.swift in Sources */,
				2E9D2D2B2129435C0088F672 /* SetGameViewController.swift in Sources */,
				2E9D2D4221295D630088F672 /* PlayingCards.swift in Sources */,
				2E9D2D292129435C0088F672 /* AppDelegate.swift in Sources */,
			);
			runOnlyForDeploymentPostprocessing = 0;
		};
/* End PBXSourcesBuildPhase section */

/* Begin PBXVariantGroup section */
		2E9D2D2C2129435C0088F672 /* Main.storyboard */ = {
			isa = PBXVariantGroup;
			children = (
				2E9D2D2D2129435C0088F672 /* Base */,
			);
			name = Main.storyboard;
			sourceTree = "<group>";
		};
		2E9D2D312129436A0088F672 /* LaunchScreen.storyboard */ = {
			isa = PBXVariantGroup;
			children = (
				2E9D2D322129436A0088F672 /* Base */,
			);
			name = LaunchScreen.storyboard;
			sourceTree = "<group>";
		};
/* End PBXVariantGroup section */

/* Begin XCBuildConfiguration section */
		2E9D2D352129436A0088F672 /* Debug */ = {
			isa = XCBuildConfiguration;
			buildSettings = {
				ALWAYS_SEARCH_USER_PATHS = NO;
				CLANG_ANALYZER_NONNULL = YES;
				CLANG_ANALYZER_NUMBER_OBJECT_CONVERSION = YES_AGGRESSIVE;
				CLANG_CXX_LANGUAGE_STANDARD = "gnu++14";
				CLANG_CXX_LIBRARY = "libc++";
				CLANG_ENABLE_MODULES = YES;
				CLANG_ENABLE_OBJC_ARC = YES;
				CLANG_ENABLE_OBJC_WEAK = YES;
				CLANG_WARN_BLOCK_CAPTURE_AUTORELEASING = YES;
				CLANG_WARN_BOOL_CONVERSION = YES;
				CLANG_WARN_COMMA = YES;
				CLANG_WARN_CONSTANT_CONVERSION = YES;
				CLANG_WARN_DEPRECATED_OBJC_IMPLEMENTATIONS = YES;
				CLANG_WARN_DIRECT_OBJC_ISA_USAGE = YES_ERROR;
				CLANG_WARN_DOCUMENTATION_COMMENTS = YES;
				CLANG_WARN_EMPTY_BODY = YES;
				CLANG_WARN_ENUM_CONVERSION = YES;
				CLANG_WARN_INFINITE_RECURSION = YES;
				CLANG_WARN_INT_CONVERSION = YES;
				CLANG_WARN_NON_LITERAL_NULL_CONVERSION = YES;
				CLANG_WARN_OBJC_IMPLICIT_RETAIN_SELF = YES;
				CLANG_WARN_OBJC_LITERAL_CONVERSION = YES;
				CLANG_WARN_OBJC_ROOT_CLASS = YES_ERROR;
				CLANG_WARN_RANGE_LOOP_ANALYSIS = YES;
				CLANG_WARN_STRICT_PROTOTYPES = YES;
				CLANG_WARN_SUSPICIOUS_MOVE = YES;
				CLANG_WARN_UNGUARDED_AVAILABILITY = YES_AGGRESSIVE;
				CLANG_WARN_UNREACHABLE_CODE = YES;
				CLANG_WARN__DUPLICATE_METHOD_MATCH = YES;
				CODE_SIGN_IDENTITY = "iPhone Developer";
				COPY_PHASE_STRIP = NO;
				DEBUG_INFORMATION_FORMAT = dwarf;
				ENABLE_STRICT_OBJC_MSGSEND = YES;
				ENABLE_TESTABILITY = YES;
				GCC_C_LANGUAGE_STANDARD = gnu11;
				GCC_DYNAMIC_NO_PIC = NO;
				GCC_NO_COMMON_BLOCKS = YES;
				GCC_OPTIMIZATION_LEVEL = 0;
				GCC_PREPROCESSOR_DEFINITIONS = (
					"DEBUG=1",
					"$(inherited)",
				);
				GCC_WARN_64_TO_32_BIT_CONVERSION = YES;
				GCC_WARN_ABOUT_RETURN_TYPE = YES_ERROR;
				GCC_WARN_UNDECLARED_SELECTOR = YES;
				GCC_WARN_UNINITIALIZED_AUTOS = YES_AGGRESSIVE;
				GCC_WARN_UNUSED_FUNCTION = YES;
				GCC_WARN_UNUSED_VARIABLE = YES;
				IPHONEOS_DEPLOYMENT_TARGET = 11.4;
				MTL_ENABLE_DEBUG_INFO = YES;
				ONLY_ACTIVE_ARCH = YES;
				SDKROOT = iphoneos;
				SWIFT_ACTIVE_COMPILATION_CONDITIONS = DEBUG;
				SWIFT_OPTIMIZATION_LEVEL = "-Onone";
			};
			name = Debug;
		};
		2E9D2D362129436A0088F672 /* Release */ = {
			isa = XCBuildConfiguration;
			buildSettings = {
				ALWAYS_SEARCH_USER_PATHS = NO;
				CLANG_ANALYZER_NONNULL = YES;
				CLANG_ANALYZER_NUMBER_OBJECT_CONVERSION = YES_AGGRESSIVE;
				CLANG_CXX_LANGUAGE_STANDARD = "gnu++14";
				CLANG_CXX_LIBRARY = "libc++";
				CLANG_ENABLE_MODULES = YES;
				CLANG_ENABLE_OBJC_ARC = YES;
				CLANG_ENABLE_OBJC_WEAK = YES;
				CLANG_WARN_BLOCK_CAPTURE_AUTORELEASING = YES;
				CLANG_WARN_BOOL_CONVERSION = YES;
				CLANG_WARN_COMMA = YES;
				CLANG_WARN_CONSTANT_CONVERSION = YES;
				CLANG_WARN_DEPRECATED_OBJC_IMPLEMENTATIONS = YES;
				CLANG_WARN_DIRECT_OBJC_ISA_USAGE = YES_ERROR;
				CLANG_WARN_DOCUMENTATION_COMMENTS = YES;
				CLANG_WARN_EMPTY_BODY = YES;
				CLANG_WARN_ENUM_CONVERSION = YES;
				CLANG_WARN_INFINITE_RECURSION = YES;
				CLANG_WARN_INT_CONVERSION = YES;
				CLANG_WARN_NON_LITERAL_NULL_CONVERSION = YES;
				CLANG_WARN_OBJC_IMPLICIT_RETAIN_SELF = YES;
				CLANG_WARN_OBJC_LITERAL_CONVERSION = YES;
				CLANG_WARN_OBJC_ROOT_CLASS = YES_ERROR;
				CLANG_WARN_RANGE_LOOP_ANALYSIS = YES;
				CLANG_WARN_STRICT_PROTOTYPES = YES;
				CLANG_WARN_SUSPICIOUS_MOVE = YES;
				CLANG_WARN_UNGUARDED_AVAILABILITY = YES_AGGRESSIVE;
				CLANG_WARN_UNREACHABLE_CODE = YES;
				CLANG_WARN__DUPLICATE_METHOD_MATCH = YES;
				CODE_SIGN_IDENTITY = "iPhone Developer";
				COPY_PHASE_STRIP = NO;
				DEBUG_INFORMATION_FORMAT = "dwarf-with-dsym";
				ENABLE_NS_ASSERTIONS = NO;
				ENABLE_STRICT_OBJC_MSGSEND = YES;
				GCC_C_LANGUAGE_STANDARD = gnu11;
				GCC_NO_COMMON_BLOCKS = YES;
				GCC_WARN_64_TO_32_BIT_CONVERSION = YES;
				GCC_WARN_ABOUT_RETURN_TYPE = YES_ERROR;
				GCC_WARN_UNDECLARED_SELECTOR = YES;
				GCC_WARN_UNINITIALIZED_AUTOS = YES_AGGRESSIVE;
				GCC_WARN_UNUSED_FUNCTION = YES;
				GCC_WARN_UNUSED_VARIABLE = YES;
				IPHONEOS_DEPLOYMENT_TARGET = 11.4;
				MTL_ENABLE_DEBUG_INFO = NO;
				SDKROOT = iphoneos;
				SWIFT_COMPILATION_MODE = wholemodule;
				SWIFT_OPTIMIZATION_LEVEL = "-O";
				VALIDATE_PRODUCT = YES;
			};
			name = Release;
		};
		2E9D2D382129436A0088F672 /* Debug */ = {
			isa = XCBuildConfiguration;
			buildSettings = {
				ASSETCATALOG_COMPILER_APPICON_NAME = AppIcon;
				CODE_SIGN_STYLE = Automatic;
				DEVELOPMENT_TEAM = P5L4J6Q8N6;
				INFOPLIST_FILE = SetCards/Info.plist;
				IPHONEOS_DEPLOYMENT_TARGET = 10.2;
				LD_RUNPATH_SEARCH_PATHS = (
					"$(inherited)",
					"@executable_path/Frameworks",
				);
				PRODUCT_BUNDLE_IDENTIFIER = SoftXpert.SetCards;
				PRODUCT_NAME = "$(TARGET_NAME)";
				SWIFT_VERSION = 4.0;
				TARGETED_DEVICE_FAMILY = "1,2";
			};
			name = Debug;
		};
		2E9D2D392129436A0088F672 /* Release */ = {
			isa = XCBuildConfiguration;
			buildSettings = {
				ASSETCATALOG_COMPILER_APPICON_NAME = AppIcon;
				CODE_SIGN_STYLE = Automatic;
				DEVELOPMENT_TEAM = P5L4J6Q8N6;
				INFOPLIST_FILE = SetCards/Info.plist;
				IPHONEOS_DEPLOYMENT_TARGET = 10.2;
				LD_RUNPATH_SEARCH_PATHS = (
					"$(inherited)",
					"@executable_path/Frameworks",
				);
				PRODUCT_BUNDLE_IDENTIFIER = SoftXpert.SetCards;
				PRODUCT_NAME = "$(TARGET_NAME)";
				SWIFT_VERSION = 4.0;
				TARGETED_DEVICE_FAMILY = "1,2";
			};
			name = Release;
		};
/* End XCBuildConfiguration section */

/* Begin XCConfigurationList section */
		2E9D2D202129435B0088F672 /* Build configuration list for PBXProject "SetCards" */ = {
			isa = XCConfigurationList;
			buildConfigurations = (
				2E9D2D352129436A0088F672 /* Debug */,
				2E9D2D362129436A0088F672 /* Release */,
			);
			defaultConfigurationIsVisible = 0;
			defaultConfigurationName = Release;
		};
		2E9D2D372129436A0088F672 /* Build configuration list for PBXNativeTarget "SetCards" */ = {
			isa = XCConfigurationList;
			buildConfigurations = (
				2E9D2D382129436A0088F672 /* Debug */,
				2E9D2D392129436A0088F672 /* Release */,
			);
			defaultConfigurationIsVisible = 0;
			defaultConfigurationName = Release;
		};
/* End XCConfigurationList section */
	};
	rootObject = 2E9D2D1D2129435B0088F672 /* Project object */;
}
